PODS:
  - NMapsGeometry (1.0.1)
  - NMapsMap (3.16.2):
    - NMapsGeometry

DEPENDENCIES:
  - NMapsMap

SPEC REPOS:
  trunk:
    - NMapsGeometry
    - NMapsMap

SPEC CHECKSUMS:
  NMapsGeometry: 53c573ead66466681cf123f99f698dc8071a4b83
  NMapsMap: aaa64717249b06ae82c3a3addb3a01f0e33100ab

PODFILE CHECKSUM: 14685eaa548f8975d0f1b80c526b78a31e9711be

COCOAPODS: 1.12.0
